
Microsoft Visual Studio Solution File, Format Version 12.00
# Visual Studio 14
VisualStudioVersion = 14.0.23107.0
MinimumVisualStudioVersion = 10.0.40219.1
Project("{2150E333-8FDC-42A3-9474-1A3956D46DE8}") = "src", "src", "{83362C24-EE61-46DC-806F-7431DA5C581F}"
EndProject
Project("{2150E333-8FDC-42A3-9474-1A3956D46DE8}") = "Solution Items", "Solution Items", "{1B2EBA91-69CA-4CF1-AB7C-541CB30892C7}"
	ProjectSection(SolutionItems) = preProject
		global.json = global.json
	EndProjectSection
EndProject
Project("{8BB2217D-0F2D-49D1-97BC-3654ED321F3B}") = "Owin2AspNet", "src\Owin2AspNet\Owin2AspNet.xproj", "{B662F91D-171A-4695-9296-92FDBADAC0A8}"
EndProject
Global
	GlobalSection(SolutionConfigurationPlatforms) = preSolution
		Debug|Any CPU = Debug|Any CPU
		Release|Any CPU = Release|Any CPU
	EndGlobalSection
	GlobalSection(ProjectConfigurationPlatforms) = postSolution
		{B662F91D-171A-4695-9296-92FDBADAC0A8}.Debug|Any CPU.ActiveCfg = Debug|Any CPU
		{B662F91D-171A-4695-9296-92FDBADAC0A8}.Debug|Any CPU.Build.0 = Debug|Any CPU
		{B662F91D-171A-4695-9296-92FDBADAC0A8}.Release|Any CPU.ActiveCfg = Release|Any CPU
		{B662F91D-171A-4695-9296-92FDBADAC0A8}.Release|Any CPU.Build.0 = Release|Any CPU
	EndGlobalSection
	GlobalSection(SolutionProperties) = preSolution
		HideSolutionNode = FALSE
	EndGlobalSection
	GlobalSection(NestedProjects) = preSolution
		{B662F91D-171A-4695-9296-92FDBADAC0A8} = {83362C24-EE61-46DC-806F-7431DA5C581F}
	EndGlobalSection
EndGlobal
